
Microsoft Visual Studio Solution File, Format Version 12.00
# Visual Studio Version 16
VisualStudioVersion = 16.0.29926.136
MinimumVisualStudioVersion = 10.0.40219.1
Project("{FAE04EC0-301F-11D3-BF4B-00C04F79EFBC}") = "Collateral.SupplierPortal.Apis", "Collateral.SupplierPortal.Apis\Collateral.SupplierPortal.Apis.csproj", "{423D29BA-F8E7-4FE0-9E36-EBF3EF1B9EF6}"
EndProject
Global
	GlobalSection(SolutionConfigurationPlatforms) = preSolution
		Debug|Any CPU = Debug|Any CPU
		Release|Any CPU = Release|Any CPU
	EndGlobalSection
	GlobalSection(ProjectConfigurationPlatforms) = postSolution
		{423D29BA-F8E7-4FE0-9E36-EBF3EF1B9EF6}.Debug|Any CPU.ActiveCfg = Debug|Any CPU
		{423D29BA-F8E7-4FE0-9E36-EBF3EF1B9EF6}.Debug|Any CPU.Build.0 = Debug|Any CPU
		{423D29BA-F8E7-4FE0-9E36-EBF3EF1B9EF6}.Release|Any CPU.ActiveCfg = Release|Any CPU
		{423D29BA-F8E7-4FE0-9E36-EBF3EF1B9EF6}.Release|Any CPU.Build.0 = Release|Any CPU
	EndGlobalSection
	GlobalSection(SolutionProperties) = preSolution
		HideSolutionNode = FALSE
	EndGlobalSection
	GlobalSection(ExtensibilityGlobals) = postSolution
		SolutionGuid = {2C4DB874-142D-4A51-84E4-B2A65771C7D1}
	EndGlobalSection
EndGlobal
